
Microsoft Visual Studio Solution File, Format Version 12.00
# Visual Studio Version 17
VisualStudioVersion = 17.7.34031.279
MinimumVisualStudioVersion = 10.0.40219.1
Project("{FAE04EC0-301F-11D3-BF4B-00C04F79EFBC}") = "PDC06_Module06.Android", "PDC06_Module06.Android\PDC06_Module06.Android.csproj", "{887AC501-D556-4A3A-8461-2632116FC34A}"
EndProject
Project("{FAE04EC0-301F-11D3-BF4B-00C04F79EFBC}") = "PDC06_Module06", "PDC06_Module06\PDC06_Module06.csproj", "{07850E9A-D475-437E-9EBC-106396CDD558}"
EndProject
Global
	GlobalSection(SolutionConfigurationPlatforms) = preSolution
		Debug|Any CPU = Debug|Any CPU
		Release|Any CPU = Release|Any CPU
	EndGlobalSection
	GlobalSection(ProjectConfigurationPlatforms) = postSolution
		{887AC501-D556-4A3A-8461-2632116FC34A}.Debug|Any CPU.ActiveCfg = Debug|Any CPU
		{887AC501-D556-4A3A-8461-2632116FC34A}.Debug|Any CPU.Build.0 = Debug|Any CPU
		{887AC501-D556-4A3A-8461-2632116FC34A}.Debug|Any CPU.Deploy.0 = Debug|Any CPU
		{887AC501-D556-4A3A-8461-2632116FC34A}.Release|Any CPU.ActiveCfg = Release|Any CPU
		{887AC501-D556-4A3A-8461-2632116FC34A}.Release|Any CPU.Build.0 = Release|Any CPU
		{887AC501-D556-4A3A-8461-2632116FC34A}.Release|Any CPU.Deploy.0 = Release|Any CPU
		{07850E9A-D475-437E-9EBC-106396CDD558}.Debug|Any CPU.ActiveCfg = Debug|Any CPU
		{07850E9A-D475-437E-9EBC-106396CDD558}.Debug|Any CPU.Build.0 = Debug|Any CPU
		{07850E9A-D475-437E-9EBC-106396CDD558}.Debug|Any CPU.Deploy.0 = Debug|Any CPU
		{07850E9A-D475-437E-9EBC-106396CDD558}.Release|Any CPU.ActiveCfg = Release|Any CPU
		{07850E9A-D475-437E-9EBC-106396CDD558}.Release|Any CPU.Build.0 = Release|Any CPU
		{07850E9A-D475-437E-9EBC-106396CDD558}.Release|Any CPU.Deploy.0 = Release|Any CPU
	EndGlobalSection
	GlobalSection(SolutionProperties) = preSolution
		HideSolutionNode = FALSE
	EndGlobalSection
	GlobalSection(ExtensibilityGlobals) = postSolution
		SolutionGuid = {9596CD5E-69DF-499E-BFC4-F4FD33434738}
	EndGlobalSection
EndGlobal
